version = 1
requires-python = ">=3.12"

[[package]]
name = "app"
version = "0.1.0"
source = { virtual = "." }
dependencies = [
    { name = "django" },
    { name = "django-autocomplete-light" },
    { name = "django-markdownx" },
    { name = "django-modelcluster" },
    { name = "django-storages", extra = ["s3"] },
    { name = "django-taggit" },
    { name = "psycopg", extra = ["binary"] },
    { name = "pygments" },
    { name = "sentry-sdk" },
    { name = "uvicorn" },
]

[package.dev-dependencies]
dev = [
    { name = "black" },
    { name = "ruff" },
]

[package.metadata]
requires-dist = [
    { name = "django", specifier = ">=5.1.1" },
    { name = "django-autocomplete-light", specifier = ">=3.11.0" },
    { name = "django-markdownx", specifier = ">=4.0.7" },
    { name = "django-modelcluster", specifier = ">=6.3" },
    { name = "django-storages", extras = ["s3"], specifier = ">=1.14.4" },
    { name = "django-taggit", specifier = ">=6.0.0" },
    { name = "psycopg", extras = ["binary"], specifier = ">=3.2.1" },
    { name = "pygments", specifier = ">=2.18.0" },
    { name = "sentry-sdk", specifier = ">=2.14.0" },
    { name = "uvicorn", specifier = ">=0.30.6" },
]

[package.metadata.requires-dev]
dev = [
    { name = "black", specifier = ">=24.8.0" },
    { name = "ruff", specifier = ">=0.6.4" },
]

[[package]]
name = "asgiref"
version = "3.8.1"
source = { registry = "https://pypi.org/simple" }
sdist = { url = "https://files.pythonhosted.org/packages/29/38/b3395cc9ad1b56d2ddac9970bc8f4141312dbaec28bc7c218b0dfafd0f42/asgiref-3.8.1.tar.gz", hash = "sha256:c343bd80a0bec947a9860adb4c432ffa7db769836c64238fc34bdc3fec84d590", size = 35186 }
wheels = [
    { url = "https://files.pythonhosted.org/packages/39/e3/893e8757be2612e6c266d9bb58ad2e3651524b5b40cf56761e985a28b13e/asgiref-3.8.1-py3-none-any.whl", hash = "sha256:3e1e3ecc849832fe52ccf2cb6686b7a55f82bb1d6aee72a58826471390335e47", size = 23828 },
]

[[package]]
name = "black"
version = "24.8.0"
source = { registry = "https://pypi.org/simple" }
dependencies = [
    { name = "click" },
    { name = "mypy-extensions" },
    { name = "packaging" },
    { name = "pathspec" },
    { name = "platformdirs" },
]
sdist = { url = "https://files.pythonhosted.org/packages/04/b0/46fb0d4e00372f4a86a6f8efa3cb193c9f64863615e39010b1477e010578/black-24.8.0.tar.gz", hash = "sha256:2500945420b6784c38b9ee885af039f5e7471ef284ab03fa35ecdde4688cd83f", size = 644810 }
wheels = [
    { url = "https://files.pythonhosted.org/packages/a2/a8/05fb14195cfef32b7c8d4585a44b7499c2a4b205e1662c427b941ed87054/black-24.8.0-cp312-cp312-macosx_10_9_x86_64.whl", hash = "sha256:7c046c1d1eeb7aea9335da62472481d3bbf3fd986e093cffd35f4385c94ae368", size = 1646132 },
    { url = "https://files.pythonhosted.org/packages/41/77/8d9ce42673e5cb9988f6df73c1c5c1d4e9e788053cccd7f5fb14ef100982/black-24.8.0-cp312-cp312-macosx_11_0_arm64.whl", hash = "sha256:649f6d84ccbae73ab767e206772cc2d7a393a001070a4c814a546afd0d423aed", size = 1448665 },
    { url = "https://files.pythonhosted.org/packages/cc/94/eff1ddad2ce1d3cc26c162b3693043c6b6b575f538f602f26fe846dfdc75/black-24.8.0-cp312-cp312-manylinux_2_17_x86_64.manylinux2014_x86_64.manylinux_2_28_x86_64.whl", hash = "sha256:2b59b250fdba5f9a9cd9d0ece6e6d993d91ce877d121d161e4698af3eb9c1018", size = 1762458 },
    { url = "https://files.pythonhosted.org/packages/28/ea/18b8d86a9ca19a6942e4e16759b2fa5fc02bbc0eb33c1b866fcd387640ab/black-24.8.0-cp312-cp312-win_amd64.whl", hash = "sha256:6e55d30d44bed36593c3163b9bc63bf58b3b30e4611e4d88a0c3c239930ed5b2", size = 1436109 },
    { url = "https://files.pythonhosted.org/packages/27/1e/83fa8a787180e1632c3d831f7e58994d7aaf23a0961320d21e84f922f919/black-24.8.0-py3-none-any.whl", hash = "sha256:972085c618ee94f402da1af548a4f218c754ea7e5dc70acb168bfaca4c2542ed", size = 206504 },
]

[[package]]
name = "boto3"
version = "1.35.19"
source = { registry = "https://pypi.org/simple" }
dependencies = [
    { name = "botocore" },
    { name = "jmespath" },
    { name = "s3transfer" },
]
sdist = { url = "https://files.pythonhosted.org/packages/80/85/d4119201c65b56a2bcc8dc328db98cd1c769a2376aea1613a6f5e8f2a88b/boto3-1.35.19.tar.gz", hash = "sha256:9979fe674780a0b7100eae9156d74ee374cd1638a9f61c77277e3ce712f3e496", size = 108623 }
wheels = [
    { url = "https://files.pythonhosted.org/packages/5f/45/606a55c6922ef53589d5f7a1963bbbcd10bae393b1109b9889db1d049c0c/boto3-1.35.19-py3-none-any.whl", hash = "sha256:84b3fe1727945bc3cada832d969ddb3dc0d08fce1677064ca8bdc13a89c1a143", size = 139160 },
]

[[package]]
name = "botocore"
version = "1.35.19"
source = { registry = "https://pypi.org/simple" }
dependencies = [
    { name = "jmespath" },
    { name = "python-dateutil" },
    { name = "urllib3" },
]
sdist = { url = "https://files.pythonhosted.org/packages/68/e4/d0114af2ec0495c7b415b5a739a3f5b7c35a4e0b7ecfd1a7ea533606f834/botocore-1.35.19.tar.gz", hash = "sha256:42d6d8db7250cbd7899f786f9861e02cab17dc238f64d6acb976098ed9809625", size = 12749447 }
wheels = [
    { url = "https://files.pythonhosted.org/packages/46/d1/abce9c410813be6f134c30b2bfd08fd94a4f10fbc606de44101ab0a5dcb4/botocore-1.35.19-py3-none-any.whl", hash = "sha256:c83f7f0cacfe7c19b109b363ebfa8736e570d24922f16ed371681f58ebab44a9", size = 12537563 },
]

[[package]]
name = "certifi"
version = "2024.8.30"
source = { registry = "https://pypi.org/simple" }
sdist = { url = "https://files.pythonhosted.org/packages/b0/ee/9b19140fe824b367c04c5e1b369942dd754c4c5462d5674002f75c4dedc1/certifi-2024.8.30.tar.gz", hash = "sha256:bec941d2aa8195e248a60b31ff9f0558284cf01a52591ceda73ea9afffd69fd9", size = 168507 }
wheels = [
    { url = "https://files.pythonhosted.org/packages/12/90/3c9ff0512038035f59d279fddeb79f5f1eccd8859f06d6163c58798b9487/certifi-2024.8.30-py3-none-any.whl", hash = "sha256:922820b53db7a7257ffbda3f597266d435245903d80737e34f8a45ff3e3230d8", size = 167321 },
]

[[package]]
name = "click"
version = "8.1.7"
source = { registry = "https://pypi.org/simple" }
dependencies = [
    { name = "colorama", marker = "platform_system == 'Windows'" },
]
sdist = { url = "https://files.pythonhosted.org/packages/96/d3/f04c7bfcf5c1862a2a5b845c6b2b360488cf47af55dfa79c98f6a6bf98b5/click-8.1.7.tar.gz", hash = "sha256:ca9853ad459e787e2192211578cc907e7594e294c7ccc834310722b41b9ca6de", size = 336121 }
wheels = [
    { url = "https://files.pythonhosted.org/packages/00/2e/d53fa4befbf2cfa713304affc7ca780ce4fc1fd8710527771b58311a3229/click-8.1.7-py3-none-any.whl", hash = "sha256:ae74fb96c20a0277a1d615f1e4d73c8414f5a98db8b799a7931d1582f3390c28", size = 97941 },
]

[[package]]
name = "colorama"
version = "0.4.6"
source = { registry = "https://pypi.org/simple" }
sdist = { url = "https://files.pythonhosted.org/packages/d8/53/6f443c9a4a8358a93a6792e2acffb9d9d5cb0a5cfd8802644b7b1c9a02e4/colorama-0.4.6.tar.gz", hash = "sha256:08695f5cb7ed6e0531a20572697297273c47b8cae5a63ffc6d6ed5c201be6e44", size = 27697 }
wheels = [
    { url = "https://files.pythonhosted.org/packages/d1/d6/3965ed04c63042e047cb6a3e6ed1a63a35087b6a609aa3a15ed8ac56c221/colorama-0.4.6-py2.py3-none-any.whl", hash = "sha256:4f1d9991f5acc0ca119f9d443620b77f9d6b33703e51011c16baf57afb285fc6", size = 25335 },
]

[[package]]
name = "django"
version = "5.1.1"
source = { registry = "https://pypi.org/simple" }
dependencies = [
    { name = "asgiref" },
    { name = "sqlparse" },
    { name = "tzdata", marker = "sys_platform == 'win32'" },
]
sdist = { url = "https://files.pythonhosted.org/packages/88/6f/8f57ed6dc88656edd4fcb35c50dd963f3cd79303bd711fb0160fc7fd6ab7/Django-5.1.1.tar.gz", hash = "sha256:021ffb7fdab3d2d388bc8c7c2434eb9c1f6f4d09e6119010bbb1694dda286bc2", size = 10675933 }
wheels = [
    { url = "https://files.pythonhosted.org/packages/ba/aa/b423e37e9ba5480d3fd1d187e3fdbd09f9f71b991468881a45413522ccd3/Django-5.1.1-py3-none-any.whl", hash = "sha256:71603f27dac22a6533fb38d83072eea9ddb4017fead6f67f2562a40402d61c3f", size = 8246418 },
]

[[package]]
name = "django-autocomplete-light"
version = "3.11.0"
source = { registry = "https://pypi.org/simple" }
dependencies = [
    { name = "django" },
]
sdist = { url = "https://files.pythonhosted.org/packages/ec/32/004073fb1bc55770bc9111bac42f17f481e17d4d20bbab2b5a8b921b95a6/django-autocomplete-light-3.11.0.tar.gz", hash = "sha256:212576a17e3308ef7ca77e280b86684167916d2091d4b73640f38845d9516328", size = 173786 }

[[package]]
name = "django-markdownx"
version = "4.0.7"
source = { registry = "https://pypi.org/simple" }
dependencies = [
    { name = "django" },
    { name = "markdown" },
    { name = "pillow" },
]
sdist = { url = "https://files.pythonhosted.org/packages/61/b9/e33e16c721ca429c42cdf52f5f52f78023a576eb4f01294385446a3adaee/django-markdownx-4.0.7.tar.gz", hash = "sha256:38aa331c2ca0bee218b77f462361b5393e4727962bc6021939c09048363cb6ea", size = 35697 }
wheels = [
    { url = "https://files.pythonhosted.org/packages/14/0e/1413c3228ef262df351094621e0e1c550a68a7960c23719198b41a6097bc/django_markdownx-4.0.7-py2.py3-none-any.whl", hash = "sha256:c1975ae3053481d4c111abd38997a5b5bb89235a1e3215f995d835942925fe7b", size = 44136 },
]

[[package]]
name = "django-modelcluster"
version = "6.3"
source = { registry = "https://pypi.org/simple" }
dependencies = [
    { name = "django" },
    { name = "pytz" },
]
sdist = { url = "https://files.pythonhosted.org/packages/3d/dd/db1ab2e256f9fda6796ac312686561cbe2740d960c920f74410559ef7739/django-modelcluster-6.3.tar.gz", hash = "sha256:0caed8a0e889f3abb92f144670878a466ef954ffa6c4c7b9c80e6426b720a49d", size = 28903 }
wheels = [
    { url = "https://files.pythonhosted.org/packages/ee/6d/8deb2dfde2e1177412b759a1c32713be19b1d3af1da686e44e64c165e8c0/django_modelcluster-6.3-py2.py3-none-any.whl", hash = "sha256:a8783d6565a0663f41cd6003ea361c3a5711e8a2a326160f1ec1eceb3e973d4f", size = 29039 },
]

[[package]]
name = "django-storages"
version = "1.14.4"
source = { registry = "https://pypi.org/simple" }
dependencies = [
    { name = "django" },
]
sdist = { url = "https://files.pythonhosted.org/packages/6d/88/77b5ede11147941dece064bd80ac618f6a4b91b4c9d5d305a2660014941e/django-storages-1.14.4.tar.gz", hash = "sha256:69aca94d26e6714d14ad63f33d13619e697508ee33ede184e462ed766dc2a73f", size = 83496 }
wheels = [
    { url = "https://files.pythonhosted.org/packages/e0/69/a4b2f2dfa51fd18fd898e10cc41d73a30965da7cb3b683f1375b1dc3dd5c/django_storages-1.14.4-py3-none-any.whl", hash = "sha256:d61930acb4a25e3aebebc6addaf946a3b1df31c803a6bf1af2f31c9047febaa3", size = 31809 },
]

[package.optional-dependencies]
s3 = [
    { name = "boto3" },
]

[[package]]
name = "django-taggit"
version = "6.0.0"
source = { registry = "https://pypi.org/simple" }
dependencies = [
    { name = "django" },
]
sdist = { url = "https://files.pythonhosted.org/packages/a3/c6/c89a38a956ca189a01c510ecdb1c96811565e20dd8450d3b471b8fa99fd6/django_taggit-6.0.0.tar.gz", hash = "sha256:723d98bd5c536daa3c0e1bdae0965f7005a9b15269816bb4053fafec4ebad57e", size = 67403 }
wheels = [
    { url = "https://files.pythonhosted.org/packages/d1/50/4c1a860be57f0150caee2578eac154093aa27d42dcef41c991e20cfc8b3f/django_taggit-6.0.0-py3-none-any.whl", hash = "sha256:7094f797b7e5e3727525a0af7bc550860000ddc2248266529d568eca61b39fb1", size = 68528 },
]

[[package]]
name = "h11"
version = "0.14.0"
source = { registry = "https://pypi.org/simple" }
sdist = { url = "https://files.pythonhosted.org/packages/f5/38/3af3d3633a34a3316095b39c8e8fb4853a28a536e55d347bd8d8e9a14b03/h11-0.14.0.tar.gz", hash = "sha256:8f19fbbe99e72420ff35c00b27a34cb9937e902a8b810e2c88300c6f0a3b699d", size = 100418 }
wheels = [
    { url = "https://files.pythonhosted.org/packages/95/04/ff642e65ad6b90db43e668d70ffb6736436c7ce41fcc549f4e9472234127/h11-0.14.0-py3-none-any.whl", hash = "sha256:e3fe4ac4b851c468cc8363d500db52c2ead036020723024a109d37346efaa761", size = 58259 },
]

[[package]]
name = "jmespath"
version = "1.0.1"
source = { registry = "https://pypi.org/simple" }
sdist = { url = "https://files.pythonhosted.org/packages/00/2a/e867e8531cf3e36b41201936b7fa7ba7b5702dbef42922193f05c8976cd6/jmespath-1.0.1.tar.gz", hash = "sha256:90261b206d6defd58fdd5e85f478bf633a2901798906be2ad389150c5c60edbe", size = 25843 }
wheels = [
    { url = "https://files.pythonhosted.org/packages/31/b4/b9b800c45527aadd64d5b442f9b932b00648617eb5d63d2c7a6587b7cafc/jmespath-1.0.1-py3-none-any.whl", hash = "sha256:02e2e4cc71b5bcab88332eebf907519190dd9e6e82107fa7f83b1003a6252980", size = 20256 },
]

[[package]]
name = "markdown"
version = "3.7"
source = { registry = "https://pypi.org/simple" }
sdist = { url = "https://files.pythonhosted.org/packages/54/28/3af612670f82f4c056911fbbbb42760255801b3068c48de792d354ff4472/markdown-3.7.tar.gz", hash = "sha256:2ae2471477cfd02dbbf038d5d9bc226d40def84b4fe2986e49b59b6b472bbed2", size = 357086 }
wheels = [
    { url = "https://files.pythonhosted.org/packages/3f/08/83871f3c50fc983b88547c196d11cf8c3340e37c32d2e9d6152abe2c61f7/Markdown-3.7-py3-none-any.whl", hash = "sha256:7eb6df5690b81a1d7942992c97fad2938e956e79df20cbc6186e9c3a77b1c803", size = 106349 },
]

[[package]]
name = "mypy-extensions"
version = "1.0.0"
source = { registry = "https://pypi.org/simple" }
sdist = { url = "https://files.pythonhosted.org/packages/98/a4/1ab47638b92648243faf97a5aeb6ea83059cc3624972ab6b8d2316078d3f/mypy_extensions-1.0.0.tar.gz", hash = "sha256:75dbf8955dc00442a438fc4d0666508a9a97b6bd41aa2f0ffe9d2f2725af0782", size = 4433 }
wheels = [
    { url = "https://files.pythonhosted.org/packages/2a/e2/5d3f6ada4297caebe1a2add3b126fe800c96f56dbe5d1988a2cbe0b267aa/mypy_extensions-1.0.0-py3-none-any.whl", hash = "sha256:4392f6c0eb8a5668a69e23d168ffa70f0be9ccfd32b5cc2d26a34ae5b844552d", size = 4695 },
]

[[package]]
name = "packaging"
version = "24.1"
source = { registry = "https://pypi.org/simple" }
sdist = { url = "https://files.pythonhosted.org/packages/51/65/50db4dda066951078f0a96cf12f4b9ada6e4b811516bf0262c0f4f7064d4/packaging-24.1.tar.gz", hash = "sha256:026ed72c8ed3fcce5bf8950572258698927fd1dbda10a5e981cdf0ac37f4f002", size = 148788 }
wheels = [
    { url = "https://files.pythonhosted.org/packages/08/aa/cc0199a5f0ad350994d660967a8efb233fe0416e4639146c089643407ce6/packaging-24.1-py3-none-any.whl", hash = "sha256:5b8f2217dbdbd2f7f384c41c628544e6d52f2d0f53c6d0c3ea61aa5d1d7ff124", size = 53985 },
]

[[package]]
name = "pathspec"
version = "0.12.1"
source = { registry = "https://pypi.org/simple" }
sdist = { url = "https://files.pythonhosted.org/packages/ca/bc/f35b8446f4531a7cb215605d100cd88b7ac6f44ab3fc94870c120ab3adbf/pathspec-0.12.1.tar.gz", hash = "sha256:a482d51503a1ab33b1c67a6c3813a26953dbdc71c31dacaef9a838c4e29f5712", size = 51043 }
wheels = [
    { url = "https://files.pythonhosted.org/packages/cc/20/ff623b09d963f88bfde16306a54e12ee5ea43e9b597108672ff3a408aad6/pathspec-0.12.1-py3-none-any.whl", hash = "sha256:a0d503e138a4c123b27490a4f7beda6a01c6f288df0e4a8b79c7eb0dc7b4cc08", size = 31191 },
]

[[package]]
name = "pillow"
version = "10.4.0"
source = { registry = "https://pypi.org/simple" }
sdist = { url = "https://files.pythonhosted.org/packages/cd/74/ad3d526f3bf7b6d3f408b73fde271ec69dfac8b81341a318ce825f2b3812/pillow-10.4.0.tar.gz", hash = "sha256:166c1cd4d24309b30d61f79f4a9114b7b2313d7450912277855ff5dfd7cd4a06", size = 46555059 }
wheels = [
    { url = "https://files.pythonhosted.org/packages/05/cb/0353013dc30c02a8be34eb91d25e4e4cf594b59e5a55ea1128fde1e5f8ea/pillow-10.4.0-cp312-cp312-macosx_10_10_x86_64.whl", hash = "sha256:673655af3eadf4df6b5457033f086e90299fdd7a47983a13827acf7459c15d94", size = 3509350 },
    { url = "https://files.pythonhosted.org/packages/e7/cf/5c558a0f247e0bf9cec92bff9b46ae6474dd736f6d906315e60e4075f737/pillow-10.4.0-cp312-cp312-macosx_11_0_arm64.whl", hash = "sha256:866b6942a92f56300012f5fbac71f2d610312ee65e22f1aa2609e491284e5597", size = 3374980 },
    { url = "https://files.pythonhosted.org/packages/84/48/6e394b86369a4eb68b8a1382c78dc092245af517385c086c5094e3b34428/pillow-10.4.0-cp312-cp312-manylinux_2_17_aarch64.manylinux2014_aarch64.whl", hash = "sha256:29dbdc4207642ea6aad70fbde1a9338753d33fb23ed6956e706936706f52dd80", size = 4343799 },
    { url = "https://files.pythonhosted.org/packages/3b/f3/a8c6c11fa84b59b9df0cd5694492da8c039a24cd159f0f6918690105c3be/pillow-10.4.0-cp312-cp312-manylinux_2_17_x86_64.manylinux2014_x86_64.whl", hash = "sha256:bf2342ac639c4cf38799a44950bbc2dfcb685f052b9e262f446482afaf4bffca", size = 4459973 },
    { url = "https://files.pythonhosted.org/packages/7d/1b/c14b4197b80150fb64453585247e6fb2e1d93761fa0fa9cf63b102fde822/pillow-10.4.0-cp312-cp312-manylinux_2_28_aarch64.whl", hash = "sha256:f5b92f4d70791b4a67157321c4e8225d60b119c5cc9aee8ecf153aace4aad4ef", size = 4370054 },
    { url = "https://files.pythonhosted.org/packages/55/77/40daddf677897a923d5d33329acd52a2144d54a9644f2a5422c028c6bf2d/pillow-10.4.0-cp312-cp312-manylinux_2_28_x86_64.whl", hash = "sha256:86dcb5a1eb778d8b25659d5e4341269e8590ad6b4e8b44d9f4b07f8d136c414a", size = 4539484 },
    { url = "https://files.pythonhosted.org/packages/40/54/90de3e4256b1207300fb2b1d7168dd912a2fb4b2401e439ba23c2b2cabde/pillow-10.4.0-cp312-cp312-musllinux_1_2_aarch64.whl", hash = "sha256:780c072c2e11c9b2c7ca37f9a2ee8ba66f44367ac3e5c7832afcfe5104fd6d1b", size = 4477375 },
    { url = "https://files.pythonhosted.org/packages/13/24/1bfba52f44193860918ff7c93d03d95e3f8748ca1de3ceaf11157a14cf16/pillow-10.4.0-cp312-cp312-musllinux_1_2_x86_64.whl", hash = "sha256:37fb69d905be665f68f28a8bba3c6d3223c8efe1edf14cc4cfa06c241f8c81d9", size = 4608773 },
    { url = "https://files.pythonhosted.org/packages/55/04/5e6de6e6120451ec0c24516c41dbaf80cce1b6451f96561235ef2429da2e/pillow-10.4.0-cp312-cp312-win32.whl", hash = "sha256:7dfecdbad5c301d7b5bde160150b4db4c659cee2b69589705b6f8a0c509d9f42", size = 2235690 },
    { url = "https://files.pythonhosted.org/packages/74/0a/d4ce3c44bca8635bd29a2eab5aa181b654a734a29b263ca8efe013beea98/pillow-10.4.0-cp312-cp312-win_amd64.whl", hash = "sha256:1d846aea995ad352d4bdcc847535bd56e0fd88d36829d2c90be880ef1ee4668a", size = 2554951 },
    { url = "https://files.pythonhosted.org/packages/b5/ca/184349ee40f2e92439be9b3502ae6cfc43ac4b50bc4fc6b3de7957563894/pillow-10.4.0-cp312-cp312-win_arm64.whl", hash = "sha256:e553cad5179a66ba15bb18b353a19020e73a7921296a7979c4a2b7f6a5cd57f9", size = 2243427 },
    { url = "https://files.pythonhosted.org/packages/c3/00/706cebe7c2c12a6318aabe5d354836f54adff7156fd9e1bd6c89f4ba0e98/pillow-10.4.0-cp313-cp313-macosx_10_13_x86_64.whl", hash = "sha256:8bc1a764ed8c957a2e9cacf97c8b2b053b70307cf2996aafd70e91a082e70df3", size = 3525685 },
    { url = "https://files.pythonhosted.org/packages/cf/76/f658cbfa49405e5ecbfb9ba42d07074ad9792031267e782d409fd8fe7c69/pillow-10.4.0-cp313-cp313-macosx_11_0_arm64.whl", hash = "sha256:6209bb41dc692ddfee4942517c19ee81b86c864b626dbfca272ec0f7cff5d9fb", size = 3374883 },
    { url = "https://files.pythonhosted.org/packages/46/2b/99c28c4379a85e65378211971c0b430d9c7234b1ec4d59b2668f6299e011/pillow-10.4.0-cp313-cp313-manylinux_2_17_aarch64.manylinux2014_aarch64.whl", hash = "sha256:bee197b30783295d2eb680b311af15a20a8b24024a19c3a26431ff83eb8d1f70", size = 4339837 },
    { url = "https://files.pythonhosted.org/packages/f1/74/b1ec314f624c0c43711fdf0d8076f82d9d802afd58f1d62c2a86878e8615/pillow-10.4.0-cp313-cp313-manylinux_2_17_x86_64.manylinux2014_x86_64.whl", hash = "sha256:1ef61f5dd14c300786318482456481463b9d6b91ebe5ef12f405afbba77ed0be", size = 4455562 },
    { url = "https://files.pythonhosted.org/packages/4a/2a/4b04157cb7b9c74372fa867096a1607e6fedad93a44deeff553ccd307868/pillow-10.4.0-cp313-cp313-manylinux_2_28_aarch64.whl", hash = "sha256:297e388da6e248c98bc4a02e018966af0c5f92dfacf5a5ca22fa01cb3179bca0", size = 4366761 },
    { url = "https://files.pythonhosted.org/packages/ac/7b/8f1d815c1a6a268fe90481232c98dd0e5fa8c75e341a75f060037bd5ceae/pillow-10.4.0-cp313-cp313-manylinux_2_28_x86_64.whl", hash = "sha256:e4db64794ccdf6cb83a59d73405f63adbe2a1887012e308828596100a0b2f6cc", size = 4536767 },
    { url = "https://files.pythonhosted.org/packages/e5/77/05fa64d1f45d12c22c314e7b97398ffb28ef2813a485465017b7978b3ce7/pillow-10.4.0-cp313-cp313-musllinux_1_2_aarch64.whl", hash = "sha256:bd2880a07482090a3bcb01f4265f1936a903d70bc740bfcb1fd4e8a2ffe5cf5a", size = 4477989 },
    { url = "https://files.pythonhosted.org/packages/12/63/b0397cfc2caae05c3fb2f4ed1b4fc4fc878f0243510a7a6034ca59726494/pillow-10.4.0-cp313-cp313-musllinux_1_2_x86_64.whl", hash = "sha256:4b35b21b819ac1dbd1233317adeecd63495f6babf21b7b2512d244ff6c6ce309", size = 4610255 },
    { url = "https://files.pythonhosted.org/packages/7b/f9/cfaa5082ca9bc4a6de66ffe1c12c2d90bf09c309a5f52b27759a596900e7/pillow-10.4.0-cp313-cp313-win32.whl", hash = "sha256:551d3fd6e9dc15e4c1eb6fc4ba2b39c0c7933fa113b220057a34f4bb3268a060", size = 2235603 },
    { url = "https://files.pythonhosted.org/packages/01/6a/30ff0eef6e0c0e71e55ded56a38d4859bf9d3634a94a88743897b5f96936/pillow-10.4.0-cp313-cp313-win_amd64.whl", hash = "sha256:030abdbe43ee02e0de642aee345efa443740aa4d828bfe8e2eb11922ea6a21ea", size = 2554972 },
    { url = "https://files.pythonhosted.org/packages/48/2c/2e0a52890f269435eee38b21c8218e102c621fe8d8df8b9dd06fabf879ba/pillow-10.4.0-cp313-cp313-win_arm64.whl", hash = "sha256:5b001114dd152cfd6b23befeb28d7aee43553e2402c9f159807bf55f33af8a8d", size = 2243375 },
]

[[package]]
name = "platformdirs"
version = "4.3.3"
source = { registry = "https://pypi.org/simple" }
sdist = { url = "https://files.pythonhosted.org/packages/f5/19/f7bee3a71decedd8d7bc4d3edb7970b8e899f3caef257b0f0d623f2f7b11/platformdirs-4.3.3.tar.gz", hash = "sha256:d4e0b7d8ec176b341fb03cb11ca12d0276faa8c485f9cd218f613840463fc2c0", size = 21304 }
wheels = [
    { url = "https://files.pythonhosted.org/packages/69/e6/7c8e8c326903bd97c6c0c47e0a3c5de815faaae986cab7defdeddf5fddcd/platformdirs-4.3.3-py3-none-any.whl", hash = "sha256:50a5450e2e84f44539718293cbb1da0a0885c9d14adf21b77bae4e66fc99d9b5", size = 18437 },
]

[[package]]
name = "psycopg"
version = "3.2.2"
source = { registry = "https://pypi.org/simple" }
dependencies = [
    { name = "typing-extensions", marker = "python_full_version < '3.13'" },
    { name = "tzdata", marker = "sys_platform == 'win32'" },
]
sdist = { url = "https://files.pythonhosted.org/packages/fe/70/d1e4c251be6e0752cbc7408f0556f8f922690837309442b9019122295712/psycopg-3.2.2.tar.gz", hash = "sha256:8bad2e497ce22d556dac1464738cb948f8d6bab450d965cf1d8a8effd52412e0", size = 155483 }
wheels = [
    { url = "https://files.pythonhosted.org/packages/3f/89/e63ec25b80290c4a923cdb5ecd5dbc85e310f93fb84b7f294006c9269d95/psycopg-3.2.2-py3-none-any.whl", hash = "sha256:babf565d459d8f72fb65da5e211dd0b58a52c51e4e1fa9cadecff42d6b7619b2", size = 197852 },
]

[package.optional-dependencies]
binary = [
    { name = "psycopg-binary", marker = "implementation_name != 'pypy'" },
]

[[package]]
name = "psycopg-binary"
version = "3.2.2"
source = { registry = "https://pypi.org/simple" }
wheels = [
    { url = "https://files.pythonhosted.org/packages/1e/9a/68b76a795fe620c8848c758d12860b8b94998f374882dbf8ea4bc343b9e1/psycopg_binary-3.2.2-cp312-cp312-macosx_12_0_x86_64.whl", hash = "sha256:0dd314229885a81f9497875295d8788e651b78945627540f1e78ed71595e614a", size = 3361334 },
    { url = "https://files.pythonhosted.org/packages/0d/0c/f91242672c58bce7c290e11128569fe66ed27552388499cd80d75a5d4d0d/psycopg_binary-3.2.2-cp312-cp312-macosx_14_0_arm64.whl", hash = "sha256:989acbe2f552769cdb780346cea32d86e7c117044238d5172ac10b025fe47194", size = 3504380 },
    { url = "https://files.pythonhosted.org/packages/e4/45/5fa47240357dea3646f3492d20141a5869cfaedcd5c64499622db7b17a8f/psycopg_binary-3.2.2-cp312-cp312-manylinux_2_17_aarch64.manylinux2014_aarch64.whl", hash = "sha256:566b1c530898590f0ac9d949cf94351c08d73c89f8800c74c0a63ffd89a383c8", size = 4443783 },
    { url = "https://files.pythonhosted.org/packages/ee/e5/9da098d1f7c1b064b39a2499cb4dfebe8fa5a48a132c3f544dab994199c4/psycopg_binary-3.2.2-cp312-cp312-manylinux_2_17_i686.manylinux2014_i686.whl", hash = "sha256:68d03efab7e2830a0df3aa4c29a708930e3f6b9fd98774ff9c4fd1f33deafecc", size = 4247070 },
    { url = "https://files.pythonhosted.org/packages/ba/44/c905a0ce2c66c0250a4ddce8eef41edc728bd2055ecaf8bd23468110c3f4/psycopg_binary-3.2.2-cp312-cp312-manylinux_2_17_ppc64le.manylinux2014_ppc64le.whl", hash = "sha256:1e1f013bfb744023df23750fde51edcb606def8328473361db3c192c392c6060", size = 4483735 },
    { url = "https://files.pythonhosted.org/packages/30/2d/9f6bfcff78b643d220e088d91103fde70d193b9745d8999c7654ad45cd65/psycopg_binary-3.2.2-cp312-cp312-manylinux_2_17_x86_64.manylinux2014_x86_64.whl", hash = "sha256:a06136aab55a2de7dd4e2555badae276846827cfb023e6ba1b22f7a7b88e3f1b", size = 4186284 },
    { url = "https://files.pythonhosted.org/packages/44/48/79e7886a28818fdb4d5d39a86b5769bb33681ac23efe23accdaab42514c6/psycopg_binary-3.2.2-cp312-cp312-musllinux_1_2_aarch64.whl", hash = "sha256:020c5154be144a1440cf87eae012b9004fb414ae4b9e7b1b9fb808fe39e96e83", size = 3110593 },
    { url = "https://files.pythonhosted.org/packages/5c/93/83d5610d259feb1d4d2d37cc0e1781f0d1632c885f5e2f85808b5b196552/psycopg_binary-3.2.2-cp312-cp312-musllinux_1_2_i686.whl", hash = "sha256:ef341c556aeaa43a2729b07b04e20bfffdcf3d96c4a96e728ca94fe4ce632d8c", size = 3095074 },
    { url = "https://files.pythonhosted.org/packages/b6/94/3126db7a06fa9fe2ab3b1d6dd7a4add6bc1596b6864e01a77239702827b4/psycopg_binary-3.2.2-cp312-cp312-musllinux_1_2_ppc64le.whl", hash = "sha256:66de2dd7d37bf66eb234ca9d907f5cd8caca43ff8d8a50dd5c15844d1cf0390c", size = 3184181 },
    { url = "https://files.pythonhosted.org/packages/6c/0e/6cce5ffaa25a25ede5ff08e757232bb425cacafe622627f29d286774073b/psycopg_binary-3.2.2-cp312-cp312-musllinux_1_2_x86_64.whl", hash = "sha256:2eb6f8f410dbbb71b8c633f283b8588b63bee0a7321f00ab76e9c800c593f732", size = 3229942 },
    { url = "https://files.pythonhosted.org/packages/10/31/951247b07205711115307f36ec3dbf6726101e086562febf6f989cbd6b95/psycopg_binary-3.2.2-cp312-cp312-win_amd64.whl", hash = "sha256:b45553c6b614d02e1486585980afdfd18f0000aac668e2e87c6e32da1adb051a", size = 2912528 },
    { url = "https://files.pythonhosted.org/packages/87/e5/245f749abdfc33b42ec2bc4d89fe2cdb29cd40dca7156d0e09308c33f933/psycopg_binary-3.2.2-cp313-cp313-macosx_12_0_x86_64.whl", hash = "sha256:1ee891287c2da57e7fee31fbe2fbcdf57125768133d811b02e9523d5a052eb28", size = 3358682 },
    { url = "https://files.pythonhosted.org/packages/93/dc/047a90e2bfd80a8414f5a203c7ff1747e3b3f43231c3c8059e8be91849cc/psycopg_binary-3.2.2-cp313-cp313-macosx_14_0_arm64.whl", hash = "sha256:5e95e4a8076ac7611e571623e1113fa84fd48c0459601969ffbf534d7aa236e7", size = 3500354 },
    { url = "https://files.pythonhosted.org/packages/df/72/b905dec41c30a8aad21f7767b21d3e5d3b9a7e92c1844678e4083d79257b/psycopg_binary-3.2.2-cp313-cp313-manylinux_2_17_aarch64.manylinux2014_aarch64.whl", hash = "sha256:6269d79a3d7d76b6fcf0fafae8444da00e83777a6c68c43851351a571ad37155", size = 4445322 },
    { url = "https://files.pythonhosted.org/packages/aa/41/aef11d4cda1af4a8181fbd578af39d6920232624fc6222f6b2f9758cc0e0/psycopg_binary-3.2.2-cp313-cp313-manylinux_2_17_i686.manylinux2014_i686.whl", hash = "sha256:d6dd5d21a298c3c53af20ced8da4ae4cd038c6fe88c80842a8888fa3660b2094", size = 4248626 },
    { url = "https://files.pythonhosted.org/packages/6c/75/39ed8598f44188e4985f31f2639aa9894851fdfbf061bf926744b08b5790/psycopg_binary-3.2.2-cp313-cp313-manylinux_2_17_ppc64le.manylinux2014_ppc64le.whl", hash = "sha256:4cf64e41e238620f05aad862f06bc8424f8f320d8075f1499bd85a225d18bd57", size = 4485767 },
    { url = "https://files.pythonhosted.org/packages/00/5a/ecdc4cf957d0658f77cc6fa61f6ee2e5118c914e5f93497375023389a1e5/psycopg_binary-3.2.2-cp313-cp313-manylinux_2_17_x86_64.manylinux2014_x86_64.whl", hash = "sha256:3c482c3236ded54add31136a91d5223b233ec301f297fa2db79747404222dca6", size = 4188840 },
    { url = "https://files.pythonhosted.org/packages/2d/71/af4c47a665d13d2477085f77fb64195da5d6463dd54fc3a8bdfd5c082d24/psycopg_binary-3.2.2-cp313-cp313-musllinux_1_2_aarch64.whl", hash = "sha256:0718be095cefdad712542169d16fa58b3bd9200a3de1b0217ae761cdec1cf569", size = 3114998 },
    { url = "https://files.pythonhosted.org/packages/38/8f/6d56168d2ce7e7d802e09a4288faceb52f28bd4023cde72ede9e848c9f9b/psycopg_binary-3.2.2-cp313-cp313-musllinux_1_2_i686.whl", hash = "sha256:fb303b03c243a9041e1873b596e246f7caaf01710b312fafa65b1db5cd77dd6f", size = 3095882 },
    { url = "https://files.pythonhosted.org/packages/8b/76/c77643d97292673d8a5e3eea643812d585993155658f840c86bfa855e077/psycopg_binary-3.2.2-cp313-cp313-musllinux_1_2_ppc64le.whl", hash = "sha256:705da5bc4364bd7529473225fca02b795653bc5bd824dbe43e1df0b1a40fe691", size = 3189435 },
    { url = "https://files.pythonhosted.org/packages/30/31/b4ea793bdf44acca51e3fa6f68cc80d03725e8ef87fc2ee2b332c49fa521/psycopg_binary-3.2.2-cp313-cp313-musllinux_1_2_x86_64.whl", hash = "sha256:05406b96139912574571b1c56bb023839a9146cf4b57c4548f36251dd5909fa1", size = 3233951 },
    { url = "https://files.pythonhosted.org/packages/49/e3/633d6d05e40651acb30458e296c90e878fa4caf3b3c21bb9e6adc912b811/psycopg_binary-3.2.2-cp313-cp313-win_amd64.whl", hash = "sha256:7c357cf87e8d7612cfe781225be7669f35038a765d1b53ec9605f6c5aef9ee85", size = 2913412 },
]

[[package]]
name = "pygments"
version = "2.18.0"
source = { registry = "https://pypi.org/simple" }
sdist = { url = "https://files.pythonhosted.org/packages/8e/62/8336eff65bcbc8e4cb5d05b55faf041285951b6e80f33e2bff2024788f31/pygments-2.18.0.tar.gz", hash = "sha256:786ff802f32e91311bff3889f6e9a86e81505fe99f2735bb6d60ae0c5004f199", size = 4891905 }
wheels = [
    { url = "https://files.pythonhosted.org/packages/f7/3f/01c8b82017c199075f8f788d0d906b9ffbbc5a47dc9918a945e13d5a2bda/pygments-2.18.0-py3-none-any.whl", hash = "sha256:b8e6aca0523f3ab76fee51799c488e38782ac06eafcf95e7ba832985c8e7b13a", size = 1205513 },
]

[[package]]
name = "python-dateutil"
version = "2.9.0.post0"
source = { registry = "https://pypi.org/simple" }
dependencies = [
    { name = "six" },
]
sdist = { url = "https://files.pythonhosted.org/packages/66/c0/0c8b6ad9f17a802ee498c46e004a0eb49bc148f2fd230864601a86dcf6db/python-dateutil-2.9.0.post0.tar.gz", hash = "sha256:37dd54208da7e1cd875388217d5e00ebd4179249f90fb72437e91a35459a0ad3", size = 342432 }
wheels = [
    { url = "https://files.pythonhosted.org/packages/ec/57/56b9bcc3c9c6a792fcbaf139543cee77261f3651ca9da0c93f5c1221264b/python_dateutil-2.9.0.post0-py2.py3-none-any.whl", hash = "sha256:a8b2bc7bffae282281c8140a97d3aa9c14da0b136dfe83f850eea9a5f7470427", size = 229892 },
]

[[package]]
name = "pytz"
version = "2024.2"
source = { registry = "https://pypi.org/simple" }
sdist = { url = "https://files.pythonhosted.org/packages/3a/31/3c70bf7603cc2dca0f19bdc53b4537a797747a58875b552c8c413d963a3f/pytz-2024.2.tar.gz", hash = "sha256:2aa355083c50a0f93fa581709deac0c9ad65cca8a9e9beac660adcbd493c798a", size = 319692 }
wheels = [
    { url = "https://files.pythonhosted.org/packages/11/c3/005fcca25ce078d2cc29fd559379817424e94885510568bc1bc53d7d5846/pytz-2024.2-py2.py3-none-any.whl", hash = "sha256:31c7c1817eb7fae7ca4b8c7ee50c72f93aa2dd863de768e1ef4245d426aa0725", size = 508002 },
]

[[package]]
name = "ruff"
version = "0.6.5"
source = { registry = "https://pypi.org/simple" }
sdist = { url = "https://files.pythonhosted.org/packages/96/3f/29b2d3d90f811f6fb5b90242309f4668cd8c2482aab86ffc23099000545b/ruff-0.6.5.tar.gz", hash = "sha256:4d32d87fab433c0cf285c3683dd4dae63be05fd7a1d65b3f5bf7cdd05a6b96fb", size = 2476127 }
wheels = [
    { url = "https://files.pythonhosted.org/packages/64/05/cc62df44b5a0271b29f11d687aa89e85943e0d26e5bb773dbc1456d9885d/ruff-0.6.5-py3-none-linux_armv6l.whl", hash = "sha256:7e4e308f16e07c95fc7753fc1aaac690a323b2bb9f4ec5e844a97bb7fbebd748", size = 9770988 },
    { url = "https://files.pythonhosted.org/packages/09/3d/89dac56ab7053d5b7cba723c9cae1a29b7a2978174c67e2441525ee00343/ruff-0.6.5-py3-none-macosx_10_12_x86_64.whl", hash = "sha256:932cd69eefe4daf8c7d92bd6689f7e8182571cb934ea720af218929da7bd7d69", size = 9423303 },
    { url = "https://files.pythonhosted.org/packages/70/76/dc04654d26beace866a3c9e0c87112304e3d6406e1ee8ca0d9bebbd82d91/ruff-0.6.5-py3-none-macosx_11_0_arm64.whl", hash = "sha256:3a8d42d11fff8d3143ff4da41742a98f8f233bf8890e9fe23077826818f8d680", size = 9134078 },
    { url = "https://files.pythonhosted.org/packages/da/52/6a492cffcd2c6e243043937ab52811b6ebb10cb5b77a68cc98e7676ceaef/ruff-0.6.5-py3-none-manylinux_2_17_aarch64.manylinux2014_aarch64.whl", hash = "sha256:a50af6e828ee692fb10ff2dfe53f05caecf077f4210fae9677e06a808275754f", size = 10105094 },
    { url = "https://files.pythonhosted.org/packages/59/7c/fd76a583ae59a276537d71921d616a83ec7774027d0812049afb6af8a07f/ruff-0.6.5-py3-none-manylinux_2_17_armv7l.manylinux2014_armv7l.whl", hash = "sha256:794ada3400a0d0b89e3015f1a7e01f4c97320ac665b7bc3ade24b50b54cb2972", size = 9542751 },
    { url = "https://files.pythonhosted.org/packages/56/5b/4e8928fa11412b16ecf7d7755fe45db6dfa7abce32841f6aec33bae3a7da/ruff-0.6.5-py3-none-manylinux_2_17_i686.manylinux2014_i686.whl", hash = "sha256:381413ec47f71ce1d1c614f7779d88886f406f1fd53d289c77e4e533dc6ea200", size = 10358844 },
    { url = "https://files.pythonhosted.org/packages/bd/a8/315ea8f71b111c8fb2b681c88a3e7a707d74308eb1435dc6ee3e6637a286/ruff-0.6.5-py3-none-manylinux_2_17_ppc64.manylinux2014_ppc64.whl", hash = "sha256:52e75a82bbc9b42e63c08d22ad0ac525117e72aee9729a069d7c4f235fc4d276", size = 11075199 },
    { url = "https://files.pythonhosted.org/packages/d9/1c/3a3728d42db52bfe418d8c913b453531766be1383719573f2458e8b59990/ruff-0.6.5-py3-none-manylinux_2_17_ppc64le.manylinux2014_ppc64le.whl", hash = "sha256:09c72a833fd3551135ceddcba5ebdb68ff89225d30758027280968c9acdc7810", size = 10661186 },
    { url = "https://files.pythonhosted.org/packages/d4/0c/ae25e213461aab274822081923d747f02929d71843c42b8f56018a7ec636/ruff-0.6.5-py3-none-manylinux_2_17_s390x.manylinux2014_s390x.whl", hash = "sha256:800c50371bdcb99b3c1551d5691e14d16d6f07063a518770254227f7f6e8c178", size = 11747444 },
    { url = "https://files.pythonhosted.org/packages/c4/e3/9d0ff218c7663ab9d53abe02911bec03d32b8ced7f78c1c49c2af84903a2/ruff-0.6.5-py3-none-manylinux_2_17_x86_64.manylinux2014_x86_64.whl", hash = "sha256:8e25ddd9cd63ba1f3bd51c1f09903904a6adf8429df34f17d728a8fa11174253", size = 10266302 },
    { url = "https://files.pythonhosted.org/packages/ac/03/f158cc24120bf277b0cd7906ba509a2db74531003663500a0d1781cd7448/ruff-0.6.5-py3-none-musllinux_1_2_aarch64.whl", hash = "sha256:7291e64d7129f24d1b0c947ec3ec4c0076e958d1475c61202497c6aced35dd19", size = 10104976 },
    { url = "https://files.pythonhosted.org/packages/91/d0/0bacdffc234e588ec05834186ad11ec8281a6ca598d0106892497bbcfa44/ruff-0.6.5-py3-none-musllinux_1_2_armv7l.whl", hash = "sha256:9ad7dfbd138d09d9a7e6931e6a7e797651ce29becd688be8a0d4d5f8177b4b0c", size = 9625374 },
    { url = "https://files.pythonhosted.org/packages/1a/ad/721003cde8abd9f50bff74acbcb21852531036451d48a1abddba4dd84025/ruff-0.6.5-py3-none-musllinux_1_2_i686.whl", hash = "sha256:005256d977021790cc52aa23d78f06bb5090dc0bfbd42de46d49c201533982ae", size = 9959661 },
    { url = "https://files.pythonhosted.org/packages/37/84/8d70a3eacaacb65b4bb1461fc1a59e37ff165152b7e507692109117c877f/ruff-0.6.5-py3-none-musllinux_1_2_x86_64.whl", hash = "sha256:482c1e6bfeb615eafc5899127b805d28e387bd87db38b2c0c41d271f5e58d8cc", size = 10327408 },
    { url = "https://files.pythonhosted.org/packages/54/7e/6b0a9ab30428a9e3d9607f6dd2e4fb743594d42bd1b6ba7b7b239acda921/ruff-0.6.5-py3-none-win32.whl", hash = "sha256:cf4d3fa53644137f6a4a27a2b397381d16454a1566ae5335855c187fbf67e4f5", size = 8012512 },
    { url = "https://files.pythonhosted.org/packages/d8/88/176f50162a219e3039f21e9e4323869fc62bf8d3afb4147a390d6c744bd8/ruff-0.6.5-py3-none-win_amd64.whl", hash = "sha256:3e42a57b58e3612051a636bc1ac4e6b838679530235520e8f095f7c44f706ff9", size = 8804438 },
    { url = "https://files.pythonhosted.org/packages/67/a0/1b488bbe35a7ff8296fdea1ec1a9c2676cecc7e42bda63860f9397d59140/ruff-0.6.5-py3-none-win_arm64.whl", hash = "sha256:51935067740773afdf97493ba9b8231279e9beef0f2a8079188c4776c25688e0", size = 8179780 },
]

[[package]]
name = "s3transfer"
version = "0.10.2"
source = { registry = "https://pypi.org/simple" }
dependencies = [
    { name = "botocore" },
]
sdist = { url = "https://files.pythonhosted.org/packages/cb/67/94c6730ee4c34505b14d94040e2f31edf144c230b6b49e971b4f25ff8fab/s3transfer-0.10.2.tar.gz", hash = "sha256:0711534e9356d3cc692fdde846b4a1e4b0cb6519971860796e6bc4c7aea00ef6", size = 144095 }
wheels = [
    { url = "https://files.pythonhosted.org/packages/3c/4a/b221409913760d26cf4498b7b1741d510c82d3ad38381984a3ddc135ec66/s3transfer-0.10.2-py3-none-any.whl", hash = "sha256:eca1c20de70a39daee580aef4986996620f365c4e0fda6a86100231d62f1bf69", size = 82716 },
]

[[package]]
name = "sentry-sdk"
version = "2.14.0"
source = { registry = "https://pypi.org/simple" }
dependencies = [
    { name = "certifi" },
    { name = "urllib3" },
]
sdist = { url = "https://files.pythonhosted.org/packages/3c/23/6527e56fb17817153c37d702d6b9ed0a2f75ed213fd98a176c1b8894ad20/sentry_sdk-2.14.0.tar.gz", hash = "sha256:1e0e2eaf6dad918c7d1e0edac868a7bf20017b177f242cefe2a6bcd47955961d", size = 282948 }
wheels = [
    { url = "https://files.pythonhosted.org/packages/40/de/956ce1d71459fa1af0486ca141fc605ac16f7c8855750668ff663e2b436a/sentry_sdk-2.14.0-py2.py3-none-any.whl", hash = "sha256:b8bc3dc51d06590df1291b7519b85c75e2ced4f28d9ea655b6d54033503b5bf4", size = 311425 },
]

[[package]]
name = "six"
version = "1.16.0"
source = { registry = "https://pypi.org/simple" }
sdist = { url = "https://files.pythonhosted.org/packages/71/39/171f1c67cd00715f190ba0b100d606d440a28c93c7714febeca8b79af85e/six-1.16.0.tar.gz", hash = "sha256:1e61c37477a1626458e36f7b1d82aa5c9b094fa4802892072e49de9c60c4c926", size = 34041 }
wheels = [
    { url = "https://files.pythonhosted.org/packages/d9/5a/e7c31adbe875f2abbb91bd84cf2dc52d792b5a01506781dbcf25c91daf11/six-1.16.0-py2.py3-none-any.whl", hash = "sha256:8abb2f1d86890a2dfb989f9a77cfcfd3e47c2a354b01111771326f8aa26e0254", size = 11053 },
]

[[package]]
name = "sqlparse"
version = "0.5.1"
source = { registry = "https://pypi.org/simple" }
sdist = { url = "https://files.pythonhosted.org/packages/73/82/dfa23ec2cbed08a801deab02fe7c904bfb00765256b155941d789a338c68/sqlparse-0.5.1.tar.gz", hash = "sha256:bb6b4df465655ef332548e24f08e205afc81b9ab86cb1c45657a7ff173a3a00e", size = 84502 }
wheels = [
    { url = "https://files.pythonhosted.org/packages/5d/a5/b2860373aa8de1e626b2bdfdd6df4355f0565b47e51f7d0c54fe70faf8fe/sqlparse-0.5.1-py3-none-any.whl", hash = "sha256:773dcbf9a5ab44a090f3441e2180efe2560220203dc2f8c0b0fa141e18b505e4", size = 44156 },
]

[[package]]
name = "typing-extensions"
version = "4.12.2"
source = { registry = "https://pypi.org/simple" }
sdist = { url = "https://files.pythonhosted.org/packages/df/db/f35a00659bc03fec321ba8bce9420de607a1d37f8342eee1863174c69557/typing_extensions-4.12.2.tar.gz", hash = "sha256:1a7ead55c7e559dd4dee8856e3a88b41225abfe1ce8df57b7c13915fe121ffb8", size = 85321 }
wheels = [
    { url = "https://files.pythonhosted.org/packages/26/9f/ad63fc0248c5379346306f8668cda6e2e2e9c95e01216d2b8ffd9ff037d0/typing_extensions-4.12.2-py3-none-any.whl", hash = "sha256:04e5ca0351e0f3f85c6853954072df659d0d13fac324d0072316b67d7794700d", size = 37438 },
]

[[package]]
name = "tzdata"
version = "2024.1"
source = { registry = "https://pypi.org/simple" }
sdist = { url = "https://files.pythonhosted.org/packages/74/5b/e025d02cb3b66b7b76093404392d4b44343c69101cc85f4d180dd5784717/tzdata-2024.1.tar.gz", hash = "sha256:2674120f8d891909751c38abcdfd386ac0a5a1127954fbc332af6b5ceae07efd", size = 190559 }
wheels = [
    { url = "https://files.pythonhosted.org/packages/65/58/f9c9e6be752e9fcb8b6a0ee9fb87e6e7a1f6bcab2cdc73f02bb7ba91ada0/tzdata-2024.1-py2.py3-none-any.whl", hash = "sha256:9068bc196136463f5245e51efda838afa15aaeca9903f49050dfa2679db4d252", size = 345370 },
]

[[package]]
name = "urllib3"
version = "2.2.3"
source = { registry = "https://pypi.org/simple" }
sdist = { url = "https://files.pythonhosted.org/packages/ed/63/22ba4ebfe7430b76388e7cd448d5478814d3032121827c12a2cc287e2260/urllib3-2.2.3.tar.gz", hash = "sha256:e7d814a81dad81e6caf2ec9fdedb284ecc9c73076b62654547cc64ccdcae26e9", size = 300677 }
wheels = [
    { url = "https://files.pythonhosted.org/packages/ce/d9/5f4c13cecde62396b0d3fe530a50ccea91e7dfc1ccf0e09c228841bb5ba8/urllib3-2.2.3-py3-none-any.whl", hash = "sha256:ca899ca043dcb1bafa3e262d73aa25c465bfb49e0bd9dd5d59f1d0acba2f8fac", size = 126338 },
]

[[package]]
name = "uvicorn"
version = "0.30.6"
source = { registry = "https://pypi.org/simple" }
dependencies = [
    { name = "click" },
    { name = "h11" },
]
sdist = { url = "https://files.pythonhosted.org/packages/5a/01/5e637e7aa9dd031be5376b9fb749ec20b86f5a5b6a49b87fabd374d5fa9f/uvicorn-0.30.6.tar.gz", hash = "sha256:4b15decdda1e72be08209e860a1e10e92439ad5b97cf44cc945fcbee66fc5788", size = 42825 }
wheels = [
    { url = "https://files.pythonhosted.org/packages/f5/8e/cdc7d6263db313030e4c257dd5ba3909ebc4e4fb53ad62d5f09b1a2f5458/uvicorn-0.30.6-py3-none-any.whl", hash = "sha256:65fd46fe3fda5bdc1b03b94eb634923ff18cd35b2f084813ea79d1f103f711b5", size = 62835 },
]
